
Microsoft Visual Studio Solution File, Format Version 12.00
# Visual Studio Version 17
VisualStudioVersion = 17.13.35828.75 d17.13
MinimumVisualStudioVersion = 10.0.40219.1
Project("{FAE04EC0-301F-11D3-BF4B-00C04F79EFBC}") = "Proyecto", "Proyecto\Proyecto.csproj", "{FF7F4006-D9BC-406E-B501-4E4ABD6DCB2B}"
EndProject
Global
	GlobalSection(SolutionConfigurationPlatforms) = preSolution
		Debug|Any CPU = Debug|Any CPU
		Release|Any CPU = Release|Any CPU
	EndGlobalSection
	GlobalSection(ProjectConfigurationPlatforms) = postSolution
		{FF7F4006-D9BC-406E-B501-4E4ABD6DCB2B}.Debug|Any CPU.ActiveCfg = Debug|Any CPU
		{FF7F4006-D9BC-406E-B501-4E4ABD6DCB2B}.Debug|Any CPU.Build.0 = Debug|Any CPU
		{FF7F4006-D9BC-406E-B501-4E4ABD6DCB2B}.Release|Any CPU.ActiveCfg = Release|Any CPU
		{FF7F4006-D9BC-406E-B501-4E4ABD6DCB2B}.Release|Any CPU.Build.0 = Release|Any CPU
	EndGlobalSection
	GlobalSection(SolutionProperties) = preSolution
		HideSolutionNode = FALSE
	EndGlobalSection
	GlobalSection(ExtensibilityGlobals) = postSolution
		SolutionGuid = {3AE193D6-E426-4F56-898D-38665393076D}
	EndGlobalSection
EndGlobal
